
Microsoft Visual Studio Solution File, Format Version 12.00
# Visual Studio 15
VisualStudioVersion = 15.0.28307.168
MinimumVisualStudioVersion = 10.0.40219.1
Project("{FAE04EC0-301F-11D3-BF4B-00C04F79EFBC}") = "Lista16", "Lista16\Lista16.csproj", "{B1BEF357-087C-4C4F-A454-A8080F50F91D}"
EndProject
Project("{FAE04EC0-301F-11D3-BF4B-00C04F79EFBC}") = "Ex4", "Ex4\Ex4.csproj", "{97920A02-A3B9-4E48-B03E-FB829F430623}"
EndProject
Project("{FAE04EC0-301F-11D3-BF4B-00C04F79EFBC}") = "Viagem", "Viagem\Viagem.csproj", "{3B8BBAB9-1FA3-4B8F-AC0C-6F604EE1C4CB}"
EndProject
Global
	GlobalSection(SolutionConfigurationPlatforms) = preSolution
		Debug|Any CPU = Debug|Any CPU
		Release|Any CPU = Release|Any CPU
	EndGlobalSection
	GlobalSection(ProjectConfigurationPlatforms) = postSolution
		{B1BEF357-087C-4C4F-A454-A8080F50F91D}.Debug|Any CPU.ActiveCfg = Debug|Any CPU
		{B1BEF357-087C-4C4F-A454-A8080F50F91D}.Debug|Any CPU.Build.0 = Debug|Any CPU
		{B1BEF357-087C-4C4F-A454-A8080F50F91D}.Release|Any CPU.ActiveCfg = Release|Any CPU
		{B1BEF357-087C-4C4F-A454-A8080F50F91D}.Release|Any CPU.Build.0 = Release|Any CPU
		{97920A02-A3B9-4E48-B03E-FB829F430623}.Debug|Any CPU.ActiveCfg = Debug|Any CPU
		{97920A02-A3B9-4E48-B03E-FB829F430623}.Debug|Any CPU.Build.0 = Debug|Any CPU
		{97920A02-A3B9-4E48-B03E-FB829F430623}.Release|Any CPU.ActiveCfg = Release|Any CPU
		{97920A02-A3B9-4E48-B03E-FB829F430623}.Release|Any CPU.Build.0 = Release|Any CPU
		{3B8BBAB9-1FA3-4B8F-AC0C-6F604EE1C4CB}.Debug|Any CPU.ActiveCfg = Debug|Any CPU
		{3B8BBAB9-1FA3-4B8F-AC0C-6F604EE1C4CB}.Debug|Any CPU.Build.0 = Debug|Any CPU
		{3B8BBAB9-1FA3-4B8F-AC0C-6F604EE1C4CB}.Release|Any CPU.ActiveCfg = Release|Any CPU
		{3B8BBAB9-1FA3-4B8F-AC0C-6F604EE1C4CB}.Release|Any CPU.Build.0 = Release|Any CPU
	EndGlobalSection
	GlobalSection(SolutionProperties) = preSolution
		HideSolutionNode = FALSE
	EndGlobalSection
	GlobalSection(ExtensibilityGlobals) = postSolution
		SolutionGuid = {694AC895-E2D3-4223-8E79-98E36D9D6409}
	EndGlobalSection
EndGlobal
